
Microsoft Visual Studio Solution File, Format Version 12.00
# Visual Studio Version 17
VisualStudioVersion = 17.0.32014.148
MinimumVisualStudioVersion = 10.0.40219.1
Project("{888888A0-9F3D-457C-B088-3A5042F75D52}") = "linked_list", "linked_list.pyproj", "{056803AB-BBE0-4FBC-BA26-0E395EB9DFAA}"
EndProject
Global
	GlobalSection(SolutionConfigurationPlatforms) = preSolution
		Debug|Any CPU = Debug|Any CPU
		Release|Any CPU = Release|Any CPU
	EndGlobalSection
	GlobalSection(ProjectConfigurationPlatforms) = postSolution
		{056803AB-BBE0-4FBC-BA26-0E395EB9DFAA}.Debug|Any CPU.ActiveCfg = Debug|Any CPU
		{056803AB-BBE0-4FBC-BA26-0E395EB9DFAA}.Release|Any CPU.ActiveCfg = Release|Any CPU
	EndGlobalSection
	GlobalSection(SolutionProperties) = preSolution
		HideSolutionNode = FALSE
	EndGlobalSection
	GlobalSection(ExtensibilityGlobals) = postSolution
		SolutionGuid = {E96453AE-3F22-4F7D-8EF2-2DB386165838}
	EndGlobalSection
EndGlobal
